{
  "name": "test-iceberg",
  "version": "1.0.0",
  "lockfileVersion": 3,
  "requires": true,
  "packages": {
    "": {
      "name": "test-iceberg",
      "version": "1.0.0",
      "license": "MIT",
      "dependencies": {
        "@supabase/supabase-js": "https://pkg.pr.new/@supabase/supabase-js@1881",
        "iceberg-js": "^0.7.0",
        "typescript": "^5.9.3"
      },
      "devDependencies": {
        "@types/node": "^24.10.1"
      }
    },
    "node_modules/@supabase/auth-js": {
      "version": "0.0.0",
      "resolved": "https://pkg.pr.new/supabase/supabase-js/@supabase/auth-js@07b49d3",
      "integrity": "sha512-bzxtw95qj8LGaMmA/Z2pAJpsX+/lWhYtc7Z1yzZ5XCBObSrFJGD21h+xrXWVZ01yib3F5pZlArQ3TA/SsMpeXw==",
      "license": "MIT",
      "dependencies": {
        "tslib": "2.8.1"
      },
      "engines": {
        "node": ">=20.0.0"
      }
    },
    "node_modules/@supabase/functions-js": {
      "version": "0.0.0-automated",
      "resolved": "https://pkg.pr.new/supabase/supabase-js/@supabase/functions-js@07b49d3",
      "integrity": "sha512-jr9zKGj/aqgSpHatxl4tpknGvjpTSBn0cEb4ajcK/JA/DOrQnZ6ABryPGs2E8z8kUp6SH0jmoiHPT/M7ouYMBQ==",
      "license": "MIT",
      "dependencies": {
        "tslib": "2.8.1"
      },
      "engines": {
        "node": ">=20.0.0"
      }
    },
    "node_modules/@supabase/postgrest-js": {
      "version": "0.0.0-automated",
      "resolved": "https://pkg.pr.new/supabase/supabase-js/@supabase/postgrest-js@07b49d3",
      "integrity": "sha512-liy41gu5v50CNHwAJkVgeoVKqs5yaiDOAfZ8k2aMYFEKpBrYUXgFZyK/zjpqrMvxWEgnIJmO30LwcAvDQX6DDw==",
      "license": "MIT",
      "dependencies": {
        "tslib": "2.8.1"
      },
      "engines": {
        "node": ">=20.0.0"
      }
    },
    "node_modules/@supabase/realtime-js": {
      "version": "0.0.0-automated",
      "resolved": "https://pkg.pr.new/supabase/supabase-js/@supabase/realtime-js@07b49d3",
      "integrity": "sha512-Mk6YMUB32P+pUKxz9Av7U+Kwqcs4XPRkm3IWDHqJPBZAG8SjN5q8e+JglGOssgRz0ucrWZxwiB03Ae0GayK9nA==",
      "license": "MIT",
      "dependencies": {
        "@types/phoenix": "^1.6.6",
        "@types/ws": "^8.18.1",
        "tslib": "2.8.1",
        "ws": "^8.18.2"
      },
      "engines": {
        "node": ">=20.0.0"
      }
    },
    "node_modules/@supabase/storage-js": {
      "version": "0.0.0",
      "resolved": "https://pkg.pr.new/supabase/supabase-js/@supabase/storage-js@07b49d3",
      "integrity": "sha512-Wqql7yieQOGxg47+vhMSH1H5p9eZ82vMGuYtUjCTzEWuGKTUp7vkcGY+JgALMex52Tim36fNHPrQbIXiUBZSZQ==",
      "license": "MIT",
      "dependencies": {
        "iceberg-js": "^0.7.0",
        "tslib": "2.8.1"
      },
      "engines": {
        "node": ">=20.0.0"
      }
    },
    "node_modules/@supabase/supabase-js": {
      "version": "0.0.0-automated",
      "resolved": "https://pkg.pr.new/@supabase/supabase-js@1881",
      "integrity": "sha512-d7keSy1FXbCWKsfkbwfmy4Q3gX1hOfuHyx70sr40Jcf2JeCSiL0O5GGEYb60uY2oN9SNcBWAQd99gZlgz0+USA==",
      "license": "MIT",
      "dependencies": {
        "@supabase/auth-js": "https://pkg.pr.new/supabase/supabase-js/@supabase/auth-js@07b49d3",
        "@supabase/functions-js": "https://pkg.pr.new/supabase/supabase-js/@supabase/functions-js@07b49d3",
        "@supabase/postgrest-js": "https://pkg.pr.new/supabase/supabase-js/@supabase/postgrest-js@07b49d3",
        "@supabase/realtime-js": "https://pkg.pr.new/supabase/supabase-js/@supabase/realtime-js@07b49d3",
        "@supabase/storage-js": "https://pkg.pr.new/supabase/supabase-js/@supabase/storage-js@07b49d3"
      },
      "engines": {
        "node": ">=20.0.0"
      }
    },
    "node_modules/@types/node": {
      "version": "24.10.1",
      "resolved": "https://registry.npmjs.org/@types/node/-/node-24.10.1.tgz",
      "integrity": "sha512-GNWcUTRBgIRJD5zj+Tq0fKOJ5XZajIiBroOF0yvj2bSU1WvNdYS/dn9UxwsujGW4JX06dnHyjV2y9rRaybH0iQ==",
      "license": "MIT",
      "dependencies": {
        "undici-types": "~7.16.0"
      }
    },
    "node_modules/@types/phoenix": {
      "version": "1.6.6",
      "resolved": "https://registry.npmjs.org/@types/phoenix/-/phoenix-1.6.6.tgz",
      "integrity": "sha512-PIzZZlEppgrpoT2QgbnDU+MMzuR6BbCjllj0bM70lWoejMeNJAxCchxnv7J3XFkI8MpygtRpzXrIlmWUBclP5A==",
      "license": "MIT"
    },
    "node_modules/@types/ws": {
      "version": "8.18.1",
      "resolved": "https://registry.npmjs.org/@types/ws/-/ws-8.18.1.tgz",
      "integrity": "sha512-ThVF6DCVhA8kUGy+aazFQ4kXQ7E1Ty7A3ypFOe0IcJV8O/M511G99AW24irKrW56Wt44yG9+ij8FaqoBGkuBXg==",
      "license": "MIT",
      "dependencies": {
        "@types/node": "*"
      }
    },
    "node_modules/iceberg-js": {
      "version": "0.7.0",
      "resolved": "https://registry.npmjs.org/iceberg-js/-/iceberg-js-0.7.0.tgz",
      "integrity": "sha512-7VZYpt4OiOYh3w7yv04lAd8AjmAZAMamP7I83Ml/zDT4lGd7Lnb5ibrJ45euIgx0Qb4DEkud6+4OTq+IS/Wf0g==",
      "license": "MIT",
      "engines": {
        "node": ">=20.0.0"
      }
    },
    "node_modules/tslib": {
      "version": "2.8.1",
      "resolved": "https://registry.npmjs.org/tslib/-/tslib-2.8.1.tgz",
      "integrity": "sha512-oJFu94HQb+KVduSUQL7wnpmqnfmLsOA/nAh6b6EH0wCEoK0/mPeXU6c3wKDV83MkOuHPRHtSXKKU99IBazS/2w==",
      "license": "0BSD"
    },
    "node_modules/typescript": {
      "version": "5.9.3",
      "resolved": "https://registry.npmjs.org/typescript/-/typescript-5.9.3.tgz",
      "integrity": "sha512-jl1vZzPDinLr9eUt3J/t7V6FgNEw9QjvBPdysz9KfQDD41fQrC2Y4vKQdiaUpFT4bXlb1RHhLpp8wtm6M5TgSw==",
      "license": "Apache-2.0",
      "bin": {
        "tsc": "bin/tsc",
        "tsserver": "bin/tsserver"
      },
      "engines": {
        "node": ">=14.17"
      }
    },
    "node_modules/undici-types": {
      "version": "7.16.0",
      "resolved": "https://registry.npmjs.org/undici-types/-/undici-types-7.16.0.tgz",
      "integrity": "sha512-Zz+aZWSj8LE6zoxD+xrjh4VfkIG8Ya6LvYkZqtUQGJPZjYl53ypCaUwWqo7eI0x66KBGeRo+mlBEkMSeSZ38Nw==",
      "license": "MIT"
    },
    "node_modules/ws": {
      "version": "8.18.3",
      "resolved": "https://registry.npmjs.org/ws/-/ws-8.18.3.tgz",
      "integrity": "sha512-PEIGCY5tSlUt50cqyMXfCzX+oOPqN0vuGqWzbcJ2xvnkzkq46oOpz7dQaTDBdfICb4N14+GARUDw2XV2N4tvzg==",
      "license": "MIT",
      "engines": {
        "node": ">=10.0.0"
      },
      "peerDependencies": {
        "bufferutil": "^4.0.1",
        "utf-8-validate": ">=5.0.2"
      },
      "peerDependenciesMeta": {
        "bufferutil": {
          "optional": true
        },
        "utf-8-validate": {
          "optional": true
        }
      }
    }
  }
}
